{
  "name": "profile-card-component-main",
  "version": "1.0.0",
  "lockfileVersion": 3,
  "requires": true,
  "packages": {
    "": {
      "name": "profile-card-component-main",
      "version": "1.0.0",
      "license": "ISC",
      "devDependencies": {
        "prettier": "^3.5.3"
      }
    },
    "../../Tool test/scope-css": {
      "name": "auto-scope",
      "version": "0.1.0",
      "extraneous": true,
      "bin": {
        "build": "bin/build.js",
        "build-sav": "bin/build-sav.js",
        "build-saw": "bin/build-saw.js",
        "build-scss": "bin/build-scss.js",
        "build-webpack": "bin/build-webpack.js",
        "dev": "bin/watch.js",
        "dev-build": "bin/dev-build.js",
        "dev-sav": "bin/dev-sav.js",
        "dev-saw": "bin/dev-saw.js",
        "dev-scss": "bin/dev-scss.js",
        "dev-webpack": "bin/dev-webpack.js",
        "fork": "bin/fork.js",
        "gethash": "bin/getMachineHash.js",
        "install-scope-react": "bin/install-scope-react.js",
        "pull": "bin/pullTeamRepo.js",
        "rename": "bin/rename.js",
        "resolve": "bin/pullTeamRepo.js",
        "team-sync": "bin/syncTeamRepo.js",
        "where": "bin/where.js"
      },
      "devDependencies": {
        "concurrently": "^9.1.2",
        "css-select": "^5.1.0",
        "dom-serializer": "^2.0.0",
        "domutils": "^3.2.2",
        "fs-extra": "^11.3.0",
        "globby": "^14.1.0",
        "htmlparser2": "^10.0.0",
        "inquirer": "^12.6.3",
        "micromatch": "^4.0.8",
        "minimatch": "^10.0.1",
        "multimatch": "^7.0.0",
        "postcss": "^8.5.4",
        "simple-git": "^3.28.0"
      }
    },
    "node_modules/prettier": {
      "version": "3.5.3",
      "resolved": "https://registry.npmjs.org/prettier/-/prettier-3.5.3.tgz",
      "integrity": "sha512-QQtaxnoDJeAkDvDKWCLiwIXkTgRhwYDEQCghU9Z6q03iyek/rxRh/2lC3HB7P8sWT2xC/y5JDctPLBIGzHKbhw==",
      "dev": true,
      "license": "MIT",
      "bin": {
        "prettier": "bin/prettier.cjs"
      },
      "engines": {
        "node": ">=14"
      },
      "funding": {
        "url": "https://github.com/prettier/prettier?sponsor=1"
      }
    }
  }
}
